
Microsoft Visual Studio Solution File, Format Version 12.00
# Visual Studio 15
VisualStudioVersion = 15.0.28307.757
MinimumVisualStudioVersion = 10.0.40219.1
Project("{FAE04EC0-301F-11D3-BF4B-00C04F79EFBC}") = "HttpListnerServer", "HttpListnerServer\HttpListnerServer.csproj", "{9328D59B-CDCF-4452-85E7-ED3F673EA9EE}"
EndProject
Global
	GlobalSection(SolutionConfigurationPlatforms) = preSolution
		Debug|Any CPU = Debug|Any CPU
		Release|Any CPU = Release|Any CPU
	EndGlobalSection
	GlobalSection(ProjectConfigurationPlatforms) = postSolution
		{9328D59B-CDCF-4452-85E7-ED3F673EA9EE}.Debug|Any CPU.ActiveCfg = Debug|Any CPU
		{9328D59B-CDCF-4452-85E7-ED3F673EA9EE}.Debug|Any CPU.Build.0 = Debug|Any CPU
		{9328D59B-CDCF-4452-85E7-ED3F673EA9EE}.Release|Any CPU.ActiveCfg = Release|Any CPU
		{9328D59B-CDCF-4452-85E7-ED3F673EA9EE}.Release|Any CPU.Build.0 = Release|Any CPU
	EndGlobalSection
	GlobalSection(SolutionProperties) = preSolution
		HideSolutionNode = FALSE
	EndGlobalSection
	GlobalSection(ExtensibilityGlobals) = postSolution
		SolutionGuid = {51E90BE3-FC85-438E-9B56-BCA126A7150E}
	EndGlobalSection
EndGlobal
